// !$*UTF8*$!
{
	archiveVersion = 1;
	classes = {
	};
	objectVersion = 56;
	objects = {

/* Begin PBXBuildFile section */
		EE0B496F2B3F6EBF000DD2DA /* logglerApp.swift in Sources */ = {isa = PBXBuildFile; fileRef = EE0B496E2B3F6EBF000DD2DA /* logglerApp.swift */; };
		EE0B49712B3F6EBF000DD2DA /* ContentView.swift in Sources */ = {isa = PBXBuildFile; fileRef = EE0B49702B3F6EBF000DD2DA /* ContentView.swift */; };
		EE0B49732B3F6EC2000DD2DA /* Assets.xcassets in Resources */ = {isa = PBXBuildFile; fileRef = EE0B49722B3F6EC2000DD2DA /* Assets.xcassets */; };
		EE0B49762B3F6EC2000DD2DA /* Preview Assets.xcassets in Resources */ = {isa = PBXBuildFile; fileRef = EE0B49752B3F6EC2000DD2DA /* Preview Assets.xcassets */; };
		EE0B49802B3F6EC2000DD2DA /* logglerTests.swift in Sources */ = {isa = PBXBuildFile; fileRef = EE0B497F2B3F6EC2000DD2DA /* logglerTests.swift */; };
		EE0B498A2B3F6EC2000DD2DA /* logglerUITests.swift in Sources */ = {isa = PBXBuildFile; fileRef = EE0B49892B3F6EC2000DD2DA /* logglerUITests.swift */; };
		EE0B498C2B3F6EC2000DD2DA /* logglerUITestsLaunchTests.swift in Sources */ = {isa = PBXBuildFile; fileRef = EE0B498B2B3F6EC2000DD2DA /* logglerUITestsLaunchTests.swift */; };
		EE0B499B2B3F6FB7000DD2DA /* HomeView.swift in Sources */ = {isa = PBXBuildFile; fileRef = EE0B499A2B3F6FB7000DD2DA /* HomeView.swift */; };
		EE0B499D2B3F728B000DD2DA /* JournalEntryView.swift in Sources */ = {isa = PBXBuildFile; fileRef = EE0B499C2B3F728B000DD2DA /* JournalEntryView.swift */; };
/* End PBXBuildFile section */

/* Begin PBXContainerItemProxy section */
		EE0B497C2B3F6EC2000DD2DA /* PBXContainerItemProxy */ = {
			isa = PBXContainerItemProxy;
			containerPortal = EE0B49632B3F6EBF000DD2DA /* Project object */;
			proxyType = 1;
			remoteGlobalIDString = EE0B496A2B3F6EBF000DD2DA;
			remoteInfo = loggler;
		};
		EE0B49862B3F6EC2000DD2DA /* PBXContainerItemProxy */ = {
			isa = PBXContainerItemProxy;
			containerPortal = EE0B49632B3F6EBF000DD2DA /* Project object */;
			proxyType = 1;
			remoteGlobalIDString = EE0B496A2B3F6EBF000DD2DA;
			remoteInfo = loggler;
		};
/* End PBXContainerItemProxy section */

/* Begin PBXFileReference section */
		EE0B496B2B3F6EBF000DD2DA /* loggler.app */ = {isa = PBXFileReference; explicitFileType = wrapper.application; includeInIndex = 0; path = loggler.app; sourceTree = BUILT_PRODUCTS_DIR; };
		EE0B496E2B3F6EBF000DD2DA /* logglerApp.swift */ = {isa = PBXFileReference; lastKnownFileType = sourcecode.swift; path = logglerApp.swift; sourceTree = "<group>"; };
		EE0B49702B3F6EBF000DD2DA /* ContentView.swift */ = {isa = PBXFileReference; lastKnownFileType = sourcecode.swift; path = ContentView.swift; sourceTree = "<group>"; };
		EE0B49722B3F6EC2000DD2DA /* Assets.xcassets */ = {isa = PBXFileReference; lastKnownFileType = folder.assetcatalog; path = Assets.xcassets; sourceTree = "<group>"; };
		EE0B49752B3F6EC2000DD2DA /* Preview Assets.xcassets */ = {isa = PBXFileReference; lastKnownFileType = folder.assetcatalog; path = "Preview Assets.xcassets"; sourceTree = "<group>"; };
		EE0B497B2B3F6EC2000DD2DA /* logglerTests.xctest */ = {isa = PBXFileReference; explicitFileType = wrapper.cfbundle; includeInIndex = 0; path = logglerTests.xctest; sourceTree = BUILT_PRODUCTS_DIR; };
		EE0B497F2B3F6EC2000DD2DA /* logglerTests.swift */ = {isa = PBXFileReference; lastKnownFileType = sourcecode.swift; path = logglerTests.swift; sourceTree = "<group>"; };
		EE0B49852B3F6EC2000DD2DA /* logglerUITests.xctest */ = {isa = PBXFileReference; explicitFileType = wrapper.cfbundle; includeInIndex = 0; path = logglerUITests.xctest; sourceTree = BUILT_PRODUCTS_DIR; };
		EE0B49892B3F6EC2000DD2DA /* logglerUITests.swift */ = {isa = PBXFileReference; lastKnownFileType = sourcecode.swift; path = logglerUITests.swift; sourceTree = "<group>"; };
		EE0B498B2B3F6EC2000DD2DA /* logglerUITestsLaunchTests.swift */ = {isa = PBXFileReference; lastKnownFileType = sourcecode.swift; path = logglerUITestsLaunchTests.swift; sourceTree = "<group>"; };
		EE0B499A2B3F6FB7000DD2DA /* HomeView.swift */ = {isa = PBXFileReference; lastKnownFileType = sourcecode.swift; path = HomeView.swift; sourceTree = "<group>"; };
		EE0B499C2B3F728B000DD2DA /* JournalEntryView.swift */ = {isa = PBXFileReference; lastKnownFileType = sourcecode.swift; path = JournalEntryView.swift; sourceTree = "<group>"; };
/* End PBXFileReference section */

/* Begin PBXFrameworksBuildPhase section */
		EE0B49682B3F6EBF000DD2DA /* Frameworks */ = {
			isa = PBXFrameworksBuildPhase;
			buildActionMask = 2147483647;
			files = (
			);
			runOnlyForDeploymentPostprocessing = 0;
		};
		EE0B49782B3F6EC2000DD2DA /* Frameworks */ = {
			isa = PBXFrameworksBuildPhase;
			buildActionMask = 2147483647;
			files = (
			);
			runOnlyForDeploymentPostprocessing = 0;
		};
		EE0B49822B3F6EC2000DD2DA /* Frameworks */ = {
			isa = PBXFrameworksBuildPhase;
			buildActionMask = 2147483647;
			files = (
			);
			runOnlyForDeploymentPostprocessing = 0;
		};
/* End PBXFrameworksBuildPhase section */

/* Begin PBXGroup section */
		EE0B49622B3F6EBF000DD2DA = {
			isa = PBXGroup;
			children = (
				EE0B496D2B3F6EBF000DD2DA /* loggler */,
				EE0B497E2B3F6EC2000DD2DA /* logglerTests */,
				EE0B49882B3F6EC2000DD2DA /* logglerUITests */,
				EE0B496C2B3F6EBF000DD2DA /* Products */,
			);
			sourceTree = "<group>";
		};
		EE0B496C2B3F6EBF000DD2DA /* Products */ = {
			isa = PBXGroup;
			children = (
				EE0B496B2B3F6EBF000DD2DA /* loggler.app */,
				EE0B497B2B3F6EC2000DD2DA /* logglerTests.xctest */,
				EE0B49852B3F6EC2000DD2DA /* logglerUITests.xctest */,
			);
			name = Products;
			sourceTree = "<group>";
		};
		EE0B496D2B3F6EBF000DD2DA /* loggler */ = {
			isa = PBXGroup;
			children = (
				EE0B496E2B3F6EBF000DD2DA /* logglerApp.swift */,
				EE0B49702B3F6EBF000DD2DA /* ContentView.swift */,
				EE0B499A2B3F6FB7000DD2DA /* HomeView.swift */,
				EE0B499C2B3F728B000DD2DA /* JournalEntryView.swift */,
				EE0B49722B3F6EC2000DD2DA /* Assets.xcassets */,
				EE0B49742B3F6EC2000DD2DA /* Preview Content */,
			);
			path = loggler;
			sourceTree = "<group>";
		};
		EE0B49742B3F6EC2000DD2DA /* Preview Content */ = {
			isa = PBXGroup;
			children = (
				EE0B49752B3F6EC2000DD2DA /* Preview Assets.xcassets */,
			);
			path = "Preview Content";
			sourceTree = "<group>";
		};
		EE0B497E2B3F6EC2000DD2DA /* logglerTests */ = {
			isa = PBXGroup;
			children = (
				EE0B497F2B3F6EC2000DD2DA /* logglerTests.swift */,
			);
			path = logglerTests;
			sourceTree = "<group>";
		};
		EE0B49882B3F6EC2000DD2DA /* logglerUITests */ = {
			isa = PBXGroup;
			children = (
				EE0B49892B3F6EC2000DD2DA /* logglerUITests.swift */,
				EE0B498B2B3F6EC2000DD2DA /* logglerUITestsLaunchTests.swift */,
			);
			path = logglerUITests;
			sourceTree = "<group>";
		};
/* End PBXGroup section */

/* Begin PBXNativeTarget section */
		EE0B496A2B3F6EBF000DD2DA /* loggler */ = {
			isa = PBXNativeTarget;
			buildConfigurationList = EE0B498F2B3F6EC2000DD2DA /* Build configuration list for PBXNativeTarget "loggler" */;
			buildPhases = (
				EE0B49672B3F6EBF000DD2DA /* Sources */,
				EE0B49682B3F6EBF000DD2DA /* Frameworks */,
				EE0B49692B3F6EBF000DD2DA /* Resources */,
			);
			buildRules = (
			);
			dependencies = (
			);
			name = loggler;
			productName = loggler;
			productReference = EE0B496B2B3F6EBF000DD2DA /* loggler.app */;
			productType = "com.apple.product-type.application";
		};
		EE0B497A2B3F6EC2000DD2DA /* logglerTests */ = {
			isa = PBXNativeTarget;
			buildConfigurationList = EE0B49922B3F6EC2000DD2DA /* Build configuration list for PBXNativeTarget "logglerTests" */;
			buildPhases = (
				EE0B49772B3F6EC2000DD2DA /* Sources */,
				EE0B49782B3F6EC2000DD2DA /* Frameworks */,
				EE0B49792B3F6EC2000DD2DA /* Resources */,
			);
			buildRules = (
			);
			dependencies = (
				EE0B497D2B3F6EC2000DD2DA /* PBXTargetDependency */,
			);
			name = logglerTests;
			productName = logglerTests;
			productReference = EE0B497B2B3F6EC2000DD2DA /* logglerTests.xctest */;
			productType = "com.apple.product-type.bundle.unit-test";
		};
		EE0B49842B3F6EC2000DD2DA /* logglerUITests */ = {
			isa = PBXNativeTarget;
			buildConfigurationList = EE0B49952B3F6EC2000DD2DA /* Build configuration list for PBXNativeTarget "logglerUITests" */;
			buildPhases = (
				EE0B49812B3F6EC2000DD2DA /* Sources */,
				EE0B49822B3F6EC2000DD2DA /* Frameworks */,
				EE0B49832B3F6EC2000DD2DA /* Resources */,
			);
			buildRules = (
			);
			dependencies = (
				EE0B49872B3F6EC2000DD2DA /* PBXTargetDependency */,
			);
			name = logglerUITests;
			productName = logglerUITests;
			productReference = EE0B49852B3F6EC2000DD2DA /* logglerUITests.xctest */;
			productType = "com.apple.product-type.bundle.ui-testing";
		};
/* End PBXNativeTarget section */

/* Begin PBXProject section */
		EE0B49632B3F6EBF000DD2DA /* Project object */ = {
			isa = PBXProject;
			attributes = {
				BuildIndependentTargetsInParallel = 1;
				LastSwiftUpdateCheck = 1510;
				LastUpgradeCheck = 1510;
				TargetAttributes = {
					EE0B496A2B3F6EBF000DD2DA = {
						CreatedOnToolsVersion = 15.1;
					};
					EE0B497A2B3F6EC2000DD2DA = {
						CreatedOnToolsVersion = 15.1;
						TestTargetID = EE0B496A2B3F6EBF000DD2DA;
					};
					EE0B49842B3F6EC2000DD2DA = {
						CreatedOnToolsVersion = 15.1;
						TestTargetID = EE0B496A2B3F6EBF000DD2DA;
					};
				};
			};
			buildConfigurationList = EE0B49662B3F6EBF000DD2DA /* Build configuration list for PBXProject "loggler" */;
			compatibilityVersion = "Xcode 14.0";
			developmentRegion = en;
			hasScannedForEncodings = 0;
			knownRegions = (
				en,
				Base,
			);
			mainGroup = EE0B49622B3F6EBF000DD2DA;
			productRefGroup = EE0B496C2B3F6EBF000DD2DA /* Products */;
			projectDirPath = "";
			projectRoot = "";
			targets = (
				EE0B496A2B3F6EBF000DD2DA /* loggler */,
				EE0B497A2B3F6EC2000DD2DA /* logglerTests */,
				EE0B49842B3F6EC2000DD2DA /* logglerUITests */,
			);
		};
/* End PBXProject section */

/* Begin PBXResourcesBuildPhase section */
		EE0B49692B3F6EBF000DD2DA /* Resources */ = {
			isa = PBXResourcesBuildPhase;
			buildActionMask = 2147483647;
			files = (
				EE0B49762B3F6EC2000DD2DA /* Preview Assets.xcassets in Resources */,
				EE0B49732B3F6EC2000DD2DA /* Assets.xcassets in Resources */,
			);
			runOnlyForDeploymentPostprocessing = 0;
		};
		EE0B49792B3F6EC2000DD2DA /* Resources */ = {
			isa = PBXResourcesBuildPhase;
			buildActionMask = 2147483647;
			files = (
			);
			runOnlyForDeploymentPostprocessing = 0;
		};
		EE0B49832B3F6EC2000DD2DA /* Resources */ = {
			isa = PBXResourcesBuildPhase;
			buildActionMask = 2147483647;
			files = (
			);
			runOnlyForDeploymentPostprocessing = 0;
		};
/* End PBXResourcesBuildPhase section */

/* Begin PBXSourcesBuildPhase section */
		EE0B49672B3F6EBF000DD2DA /* Sources */ = {
			isa = PBXSourcesBuildPhase;
			buildActionMask = 2147483647;
			files = (
				EE0B499B2B3F6FB7000DD2DA /* HomeView.swift in Sources */,
				EE0B499D2B3F728B000DD2DA /* JournalEntryView.swift in Sources */,
				EE0B49712B3F6EBF000DD2DA /* ContentView.swift in Sources */,
				EE0B496F2B3F6EBF000DD2DA /* logglerApp.swift in Sources */,
			);
			runOnlyForDeploymentPostprocessing = 0;
		};
		EE0B49772B3F6EC2000DD2DA /* Sources */ = {
			isa = PBXSourcesBuildPhase;
			buildActionMask = 2147483647;
			files = (
				EE0B49802B3F6EC2000DD2DA /* logglerTests.swift in Sources */,
			);
			runOnlyForDeploymentPostprocessing = 0;
		};
		EE0B49812B3F6EC2000DD2DA /* Sources */ = {
			isa = PBXSourcesBuildPhase;
			buildActionMask = 2147483647;
			files = (
				EE0B498A2B3F6EC2000DD2DA /* logglerUITests.swift in Sources */,
				EE0B498C2B3F6EC2000DD2DA /* logglerUITestsLaunchTests.swift in Sources */,
			);
			runOnlyForDeploymentPostprocessing = 0;
		};
/* End PBXSourcesBuildPhase section */

/* Begin PBXTargetDependency section */
		EE0B497D2B3F6EC2000DD2DA /* PBXTargetDependency */ = {
			isa = PBXTargetDependency;
			target = EE0B496A2B3F6EBF000DD2DA /* loggler */;
			targetProxy = EE0B497C2B3F6EC2000DD2DA /* PBXContainerItemProxy */;
		};
		EE0B49872B3F6EC2000DD2DA /* PBXTargetDependency */ = {
			isa = PBXTargetDependency;
			target = EE0B496A2B3F6EBF000DD2DA /* loggler */;
			targetProxy = EE0B49862B3F6EC2000DD2DA /* PBXContainerItemProxy */;
		};
/* End PBXTargetDependency section */

/* Begin XCBuildConfiguration section */
		EE0B498D2B3F6EC2000DD2DA /* Debug */ = {
			isa = XCBuildConfiguration;
			buildSettings = {
				ALWAYS_SEARCH_USER_PATHS = NO;
				ASSETCATALOG_COMPILER_GENERATE_SWIFT_ASSET_SYMBOL_EXTENSIONS = YES;
				CLANG_ANALYZER_NONNULL = YES;
				CLANG_ANALYZER_NUMBER_OBJECT_CONVERSION = YES_AGGRESSIVE;
				CLANG_CXX_LANGUAGE_STANDARD = "gnu++20";
				CLANG_ENABLE_MODULES = YES;
				CLANG_ENABLE_OBJC_ARC = YES;
				CLANG_ENABLE_OBJC_WEAK = YES;
				CLANG_WARN_BLOCK_CAPTURE_AUTORELEASING = YES;
				CLANG_WARN_BOOL_CONVERSION = YES;
				CLANG_WARN_COMMA = YES;
				CLANG_WARN_CONSTANT_CONVERSION = YES;
				CLANG_WARN_DEPRECATED_OBJC_IMPLEMENTATIONS = YES;
				CLANG_WARN_DIRECT_OBJC_ISA_USAGE = YES_ERROR;
				CLANG_WARN_DOCUMENTATION_COMMENTS = YES;
				CLANG_WARN_EMPTY_BODY = YES;
				CLANG_WARN_ENUM_CONVERSION = YES;
				CLANG_WARN_INFINITE_RECURSION = YES;
				CLANG_WARN_INT_CONVERSION = YES;
				CLANG_WARN_NON_LITERAL_NULL_CONVERSION = YES;
				CLANG_WARN_OBJC_IMPLICIT_RETAIN_SELF = YES;
				CLANG_WARN_OBJC_LITERAL_CONVERSION = YES;
				CLANG_WARN_OBJC_ROOT_CLASS = YES_ERROR;
				CLANG_WARN_QUOTED_INCLUDE_IN_FRAMEWORK_HEADER = YES;
				CLANG_WARN_RANGE_LOOP_ANALYSIS = YES;
				CLANG_WARN_STRICT_PROTOTYPES = YES;
				CLANG_WARN_SUSPICIOUS_MOVE = YES;
				CLANG_WARN_UNGUARDED_AVAILABILITY = YES_AGGRESSIVE;
				CLANG_WARN_UNREACHABLE_CODE = YES;
				CLANG_WARN__DUPLICATE_METHOD_MATCH = YES;
				COPY_PHASE_STRIP = NO;
				DEBUG_INFORMATION_FORMAT = dwarf;
				ENABLE_STRICT_OBJC_MSGSEND = YES;
				ENABLE_TESTABILITY = YES;
				ENABLE_USER_SCRIPT_SANDBOXING = YES;
				GCC_C_LANGUAGE_STANDARD = gnu17;
				GCC_DYNAMIC_NO_PIC = NO;
				GCC_NO_COMMON_BLOCKS = YES;
				GCC_OPTIMIZATION_LEVEL = 0;
				GCC_PREPROCESSOR_DEFINITIONS = (
					"DEBUG=1",
					"$(inherited)",
				);
				GCC_WARN_64_TO_32_BIT_CONVERSION = YES;
				GCC_WARN_ABOUT_RETURN_TYPE = YES_ERROR;
				GCC_WARN_UNDECLARED_SELECTOR = YES;
				GCC_WARN_UNINITIALIZED_AUTOS = YES_AGGRESSIVE;
				GCC_WARN_UNUSED_FUNCTION = YES;
				GCC_WARN_UNUSED_VARIABLE = YES;
				IPHONEOS_DEPLOYMENT_TARGET = 17.2;
				LOCALIZATION_PREFERS_STRING_CATALOGS = YES;
				MTL_ENABLE_DEBUG_INFO = INCLUDE_SOURCE;
				MTL_FAST_MATH = YES;
				ONLY_ACTIVE_ARCH = YES;
				SDKROOT = iphoneos;
				SWIFT_ACTIVE_COMPILATION_CONDITIONS = "DEBUG $(inherited)";
				SWIFT_OPTIMIZATION_LEVEL = "-Onone";
			};
			name = Debug;
		};
		EE0B498E2B3F6EC2000DD2DA /* Release */ = {
			isa = XCBuildConfiguration;
			buildSettings = {
				ALWAYS_SEARCH_USER_PATHS = NO;
				ASSETCATALOG_COMPILER_GENERATE_SWIFT_ASSET_SYMBOL_EXTENSIONS = YES;
				CLANG_ANALYZER_NONNULL = YES;
				CLANG_ANALYZER_NUMBER_OBJECT_CONVERSION = YES_AGGRESSIVE;
				CLANG_CXX_LANGUAGE_STANDARD = "gnu++20";
				CLANG_ENABLE_MODULES = YES;
				CLANG_ENABLE_OBJC_ARC = YES;
				CLANG_ENABLE_OBJC_WEAK = YES;
				CLANG_WARN_BLOCK_CAPTURE_AUTORELEASING = YES;
				CLANG_WARN_BOOL_CONVERSION = YES;
				CLANG_WARN_COMMA = YES;
				CLANG_WARN_CONSTANT_CONVERSION = YES;
				CLANG_WARN_DEPRECATED_OBJC_IMPLEMENTATIONS = YES;
				CLANG_WARN_DIRECT_OBJC_ISA_USAGE = YES_ERROR;
				CLANG_WARN_DOCUMENTATION_COMMENTS = YES;
				CLANG_WARN_EMPTY_BODY = YES;
				CLANG_WARN_ENUM_CONVERSION = YES;
				CLANG_WARN_INFINITE_RECURSION = YES;
				CLANG_WARN_INT_CONVERSION = YES;
				CLANG_WARN_NON_LITERAL_NULL_CONVERSION = YES;
				CLANG_WARN_OBJC_IMPLICIT_RETAIN_SELF = YES;
				CLANG_WARN_OBJC_LITERAL_CONVERSION = YES;
				CLANG_WARN_OBJC_ROOT_CLASS = YES_ERROR;
				CLANG_WARN_QUOTED_INCLUDE_IN_FRAMEWORK_HEADER = YES;
				CLANG_WARN_RANGE_LOOP_ANALYSIS = YES;
				CLANG_WARN_STRICT_PROTOTYPES = YES;
				CLANG_WARN_SUSPICIOUS_MOVE = YES;
				CLANG_WARN_UNGUARDED_AVAILABILITY = YES_AGGRESSIVE;
				CLANG_WARN_UNREACHABLE_CODE = YES;
				CLANG_WARN__DUPLICATE_METHOD_MATCH = YES;
				COPY_PHASE_STRIP = NO;
				DEBUG_INFORMATION_FORMAT = "dwarf-with-dsym";
				ENABLE_NS_ASSERTIONS = NO;
				ENABLE_STRICT_OBJC_MSGSEND = YES;
				ENABLE_USER_SCRIPT_SANDBOXING = YES;
				GCC_C_LANGUAGE_STANDARD = gnu17;
				GCC_NO_COMMON_BLOCKS = YES;
				GCC_WARN_64_TO_32_BIT_CONVERSION = YES;
				GCC_WARN_ABOUT_RETURN_TYPE = YES_ERROR;
				GCC_WARN_UNDECLARED_SELECTOR = YES;
				GCC_WARN_UNINITIALIZED_AUTOS = YES_AGGRESSIVE;
				GCC_WARN_UNUSED_FUNCTION = YES;
				GCC_WARN_UNUSED_VARIABLE = YES;
				IPHONEOS_DEPLOYMENT_TARGET = 17.2;
				LOCALIZATION_PREFERS_STRING_CATALOGS = YES;
				MTL_ENABLE_DEBUG_INFO = NO;
				MTL_FAST_MATH = YES;
				SDKROOT = iphoneos;
				SWIFT_COMPILATION_MODE = wholemodule;
				VALIDATE_PRODUCT = YES;
			};
			name = Release;
		};
		EE0B49902B3F6EC2000DD2DA /* Debug */ = {
			isa = XCBuildConfiguration;
			buildSettings = {
				ASSETCATALOG_COMPILER_APPICON_NAME = AppIcon;
				ASSETCATALOG_COMPILER_GLOBAL_ACCENT_COLOR_NAME = AccentColor;
				CODE_SIGN_STYLE = Automatic;
				CURRENT_PROJECT_VERSION = 1;
				DEVELOPMENT_ASSET_PATHS = "\"loggler/Preview Content\"";
				DEVELOPMENT_TEAM = RZU2ZRNK98;
				ENABLE_PREVIEWS = YES;
				GENERATE_INFOPLIST_FILE = YES;
				INFOPLIST_KEY_UIApplicationSceneManifest_Generation = YES;
				INFOPLIST_KEY_UIApplicationSupportsIndirectInputEvents = YES;
				INFOPLIST_KEY_UILaunchScreen_Generation = YES;
				INFOPLIST_KEY_UISupportedInterfaceOrientations_iPad = "UIInterfaceOrientationPortrait UIInterfaceOrientationPortraitUpsideDown UIInterfaceOrientationLandscapeLeft UIInterfaceOrientationLandscapeRight";
				INFOPLIST_KEY_UISupportedInterfaceOrientations_iPhone = "UIInterfaceOrientationPortrait UIInterfaceOrientationLandscapeLeft UIInterfaceOrientationLandscapeRight";
				LD_RUNPATH_SEARCH_PATHS = (
					"$(inherited)",
					"@executable_path/Frameworks",
				);
				MARKETING_VERSION = 1.0;
				PRODUCT_BUNDLE_IDENTIFIER = glancenote.loggler;
				PRODUCT_NAME = "$(TARGET_NAME)";
				SWIFT_EMIT_LOC_STRINGS = YES;
				SWIFT_VERSION = 5.0;
				TARGETED_DEVICE_FAMILY = "1,2";
			};
			name = Debug;
		};
		EE0B49912B3F6EC2000DD2DA /* Release */ = {
			isa = XCBuildConfiguration;
			buildSettings = {
				ASSETCATALOG_COMPILER_APPICON_NAME = AppIcon;
				ASSETCATALOG_COMPILER_GLOBAL_ACCENT_COLOR_NAME = AccentColor;
				CODE_SIGN_STYLE = Automatic;
				CURRENT_PROJECT_VERSION = 1;
				DEVELOPMENT_ASSET_PATHS = "\"loggler/Preview Content\"";
				DEVELOPMENT_TEAM = RZU2ZRNK98;
				ENABLE_PREVIEWS = YES;
				GENERATE_INFOPLIST_FILE = YES;
				INFOPLIST_KEY_UIApplicationSceneManifest_Generation = YES;
				INFOPLIST_KEY_UIApplicationSupportsIndirectInputEvents = YES;
				INFOPLIST_KEY_UILaunchScreen_Generation = YES;
				INFOPLIST_KEY_UISupportedInterfaceOrientations_iPad = "UIInterfaceOrientationPortrait UIInterfaceOrientationPortraitUpsideDown UIInterfaceOrientationLandscapeLeft UIInterfaceOrientationLandscapeRight";
				INFOPLIST_KEY_UISupportedInterfaceOrientations_iPhone = "UIInterfaceOrientationPortrait UIInterfaceOrientationLandscapeLeft UIInterfaceOrientationLandscapeRight";
				LD_RUNPATH_SEARCH_PATHS = (
					"$(inherited)",
					"@executable_path/Frameworks",
				);
				MARKETING_VERSION = 1.0;
				PRODUCT_BUNDLE_IDENTIFIER = glancenote.loggler;
				PRODUCT_NAME = "$(TARGET_NAME)";
				SWIFT_EMIT_LOC_STRINGS = YES;
				SWIFT_VERSION = 5.0;
				TARGETED_DEVICE_FAMILY = "1,2";
			};
			name = Release;
		};
		EE0B49932B3F6EC2000DD2DA /* Debug */ = {
			isa = XCBuildConfiguration;
			buildSettings = {
				ALWAYS_EMBED_SWIFT_STANDARD_LIBRARIES = YES;
				BUNDLE_LOADER = "$(TEST_HOST)";
				CODE_SIGN_STYLE = Automatic;
				CURRENT_PROJECT_VERSION = 1;
				DEVELOPMENT_TEAM = RZU2ZRNK98;
				GENERATE_INFOPLIST_FILE = YES;
				IPHONEOS_DEPLOYMENT_TARGET = 17.2;
				MARKETING_VERSION = 1.0;
				PRODUCT_BUNDLE_IDENTIFIER = glancenote.logglerTests;
				PRODUCT_NAME = "$(TARGET_NAME)";
				SWIFT_EMIT_LOC_STRINGS = NO;
				SWIFT_VERSION = 5.0;
				TARGETED_DEVICE_FAMILY = "1,2";
				TEST_HOST = "$(BUILT_PRODUCTS_DIR)/loggler.app/$(BUNDLE_EXECUTABLE_FOLDER_PATH)/loggler";
			};
			name = Debug;
		};
		EE0B49942B3F6EC2000DD2DA /* Release */ = {
			isa = XCBuildConfiguration;
			buildSettings = {
				ALWAYS_EMBED_SWIFT_STANDARD_LIBRARIES = YES;
				BUNDLE_LOADER = "$(TEST_HOST)";
				CODE_SIGN_STYLE = Automatic;
				CURRENT_PROJECT_VERSION = 1;
				DEVELOPMENT_TEAM = RZU2ZRNK98;
				GENERATE_INFOPLIST_FILE = YES;
				IPHONEOS_DEPLOYMENT_TARGET = 17.2;
				MARKETING_VERSION = 1.0;
				PRODUCT_BUNDLE_IDENTIFIER = glancenote.logglerTests;
				PRODUCT_NAME = "$(TARGET_NAME)";
				SWIFT_EMIT_LOC_STRINGS = NO;
				SWIFT_VERSION = 5.0;
				TARGETED_DEVICE_FAMILY = "1,2";
				TEST_HOST = "$(BUILT_PRODUCTS_DIR)/loggler.app/$(BUNDLE_EXECUTABLE_FOLDER_PATH)/loggler";
			};
			name = Release;
		};
		EE0B49962B3F6EC2000DD2DA /* Debug */ = {
			isa = XCBuildConfiguration;
			buildSettings = {
				ALWAYS_EMBED_SWIFT_STANDARD_LIBRARIES = YES;
				CODE_SIGN_STYLE = Automatic;
				CURRENT_PROJECT_VERSION = 1;
				DEVELOPMENT_TEAM = RZU2ZRNK98;
				GENERATE_INFOPLIST_FILE = YES;
				MARKETING_VERSION = 1.0;
				PRODUCT_BUNDLE_IDENTIFIER = glancenote.logglerUITests;
				PRODUCT_NAME = "$(TARGET_NAME)";
				SWIFT_EMIT_LOC_STRINGS = NO;
				SWIFT_VERSION = 5.0;
				TARGETED_DEVICE_FAMILY = "1,2";
				TEST_TARGET_NAME = loggler;
			};
			name = Debug;
		};
		EE0B49972B3F6EC2000DD2DA /* Release */ = {
			isa = XCBuildConfiguration;
			buildSettings = {
				ALWAYS_EMBED_SWIFT_STANDARD_LIBRARIES = YES;
				CODE_SIGN_STYLE = Automatic;
				CURRENT_PROJECT_VERSION = 1;
				DEVELOPMENT_TEAM = RZU2ZRNK98;
				GENERATE_INFOPLIST_FILE = YES;
				MARKETING_VERSION = 1.0;
				PRODUCT_BUNDLE_IDENTIFIER = glancenote.logglerUITests;
				PRODUCT_NAME = "$(TARGET_NAME)";
				SWIFT_EMIT_LOC_STRINGS = NO;
				SWIFT_VERSION = 5.0;
				TARGETED_DEVICE_FAMILY = "1,2";
				TEST_TARGET_NAME = loggler;
			};
			name = Release;
		};
/* End XCBuildConfiguration section */

/* Begin XCConfigurationList section */
		EE0B49662B3F6EBF000DD2DA /* Build configuration list for PBXProject "loggler" */ = {
			isa = XCConfigurationList;
			buildConfigurations = (
				EE0B498D2B3F6EC2000DD2DA /* Debug */,
				EE0B498E2B3F6EC2000DD2DA /* Release */,
			);
			defaultConfigurationIsVisible = 0;
			defaultConfigurationName = Release;
		};
		EE0B498F2B3F6EC2000DD2DA /* Build configuration list for PBXNativeTarget "loggler" */ = {
			isa = XCConfigurationList;
			buildConfigurations = (
				EE0B49902B3F6EC2000DD2DA /* Debug */,
				EE0B49912B3F6EC2000DD2DA /* Release */,
			);
			defaultConfigurationIsVisible = 0;
			defaultConfigurationName = Release;
		};
		EE0B49922B3F6EC2000DD2DA /* Build configuration list for PBXNativeTarget "logglerTests" */ = {
			isa = XCConfigurationList;
			buildConfigurations = (
				EE0B49932B3F6EC2000DD2DA /* Debug */,
				EE0B49942B3F6EC2000DD2DA /* Release */,
			);
			defaultConfigurationIsVisible = 0;
			defaultConfigurationName = Release;
		};
		EE0B49952B3F6EC2000DD2DA /* Build configuration list for PBXNativeTarget "logglerUITests" */ = {
			isa = XCConfigurationList;
			buildConfigurations = (
				EE0B49962B3F6EC2000DD2DA /* Debug */,
				EE0B49972B3F6EC2000DD2DA /* Release */,
			);
			defaultConfigurationIsVisible = 0;
			defaultConfigurationName = Release;
		};
/* End XCConfigurationList section */
	};
	rootObject = EE0B49632B3F6EBF000DD2DA /* Project object */;
}
